
Microsoft Visual Studio Solution File, Format Version 12.00
# Visual Studio Version 17
VisualStudioVersion = 17.13.35825.156
MinimumVisualStudioVersion = 10.0.40219.1
Project("{2150E333-8FDC-42A3-9474-1A3956D46DE8}") = "솔루션 항목", "솔루션 항목", "{2A3A057F-5D22-31FD-628C-DF5EF75AEF1E}"
	ProjectSection(SolutionItems) = preProject
		test.c = test.c
		tset2.c = tset2.c
	EndProjectSection
EndProject
Project("{2150E333-8FDC-42A3-9474-1A3956D46DE8}") = "chap02", "chap02", "{C8D5274F-AC00-46C7-1F8D-E88E81087A52}"
	ProjectSection(SolutionItems) = preProject
		assignment01.c = assignment01.c
		assignment02.c = assignment02.c
		assignment05.c = assignment05.c
		assignment07.c = assignment07.c
		assignment09.c = assignment09.c
		assignment10.c = assignment10.c
		assignment11.c = assignment11.c
	EndProjectSection
EndProject
Project("{2150E333-8FDC-42A3-9474-1A3956D46DE8}") = "새 폴더1", "새 폴더1", "{F08AD28D-C79B-4313-8841-0E506A22FC41}"
EndProject
Global
	GlobalSection(SolutionProperties) = preSolution
		HideSolutionNode = FALSE
	EndGlobalSection
	GlobalSection(NestedProjects) = preSolution
		{F08AD28D-C79B-4313-8841-0E506A22FC41} = {C8D5274F-AC00-46C7-1F8D-E88E81087A52}
	EndGlobalSection
	GlobalSection(ExtensibilityGlobals) = postSolution
		SolutionGuid = {D2FCAB89-75D1-48A8-9384-9B2FEF8E4CCE}
	EndGlobalSection
EndGlobal
